
Microsoft Visual Studio Solution File, Format Version 12.00
# Visual Studio Version 17
VisualStudioVersion = 17.8.34511.84
MinimumVisualStudioVersion = 10.0.40219.1
Project("{FAE04EC0-301F-11D3-BF4B-00C04F79EFBC}") = "SalatCalender", "SalatCalender\SalatCalender.csproj", "{5EBFD694-419A-40B3-B448-A0A5EE11BD0D}"
EndProject
Project("{FAE04EC0-301F-11D3-BF4B-00C04F79EFBC}") = "SalatTimeExtractor", "SalatTimeExtractor\SalatTimeExtractor.csproj", "{6CE51DD1-2368-4AE8-AF56-08F0E3927C6B}"
EndProject
Global
	GlobalSection(SolutionConfigurationPlatforms) = preSolution
		Debug|Any CPU = Debug|Any CPU
		Release|Any CPU = Release|Any CPU
	EndGlobalSection
	GlobalSection(ProjectConfigurationPlatforms) = postSolution
		{5EBFD694-419A-40B3-B448-A0A5EE11BD0D}.Debug|Any CPU.ActiveCfg = Debug|Any CPU
		{5EBFD694-419A-40B3-B448-A0A5EE11BD0D}.Debug|Any CPU.Build.0 = Debug|Any CPU
		{5EBFD694-419A-40B3-B448-A0A5EE11BD0D}.Release|Any CPU.ActiveCfg = Release|Any CPU
		{5EBFD694-419A-40B3-B448-A0A5EE11BD0D}.Release|Any CPU.Build.0 = Release|Any CPU
		{6CE51DD1-2368-4AE8-AF56-08F0E3927C6B}.Debug|Any CPU.ActiveCfg = Debug|Any CPU
		{6CE51DD1-2368-4AE8-AF56-08F0E3927C6B}.Debug|Any CPU.Build.0 = Debug|Any CPU
		{6CE51DD1-2368-4AE8-AF56-08F0E3927C6B}.Release|Any CPU.ActiveCfg = Release|Any CPU
		{6CE51DD1-2368-4AE8-AF56-08F0E3927C6B}.Release|Any CPU.Build.0 = Release|Any CPU
	EndGlobalSection
	GlobalSection(SolutionProperties) = preSolution
		HideSolutionNode = FALSE
	EndGlobalSection
	GlobalSection(ExtensibilityGlobals) = postSolution
		SolutionGuid = {328BB2D4-19B5-4E13-A0E8-7AD149C62EAC}
	EndGlobalSection
EndGlobal
